
Microsoft Visual Studio Solution File, Format Version 12.00
# Visual Studio Version 17
VisualStudioVersion = 17.14.37516.0 d17.14
MinimumVisualStudioVersion = 10.0.40219.1
Project("{FAE04EC0-301F-11D3-BF4B-00C04F79EFBC}") = "JJN.Demo.UI", "JJN.Demo.UI\JJN.Demo.UI.csproj", "{BEBFD6DC-4A02-4787-A9DA-AB3A0B3865EB}"
EndProject
Global
	GlobalSection(SolutionConfigurationPlatforms) = preSolution
		Debug|Any CPU = Debug|Any CPU
		Release|Any CPU = Release|Any CPU
	EndGlobalSection
	GlobalSection(ProjectConfigurationPlatforms) = postSolution
		{BEBFD6DC-4A02-4787-A9DA-AB3A0B3865EB}.Debug|Any CPU.ActiveCfg = Debug|Any CPU
		{BEBFD6DC-4A02-4787-A9DA-AB3A0B3865EB}.Debug|Any CPU.Build.0 = Debug|Any CPU
		{BEBFD6DC-4A02-4787-A9DA-AB3A0B3865EB}.Release|Any CPU.ActiveCfg = Release|Any CPU
		{BEBFD6DC-4A02-4787-A9DA-AB3A0B3865EB}.Release|Any CPU.Build.0 = Release|Any CPU
	EndGlobalSection
	GlobalSection(SolutionProperties) = preSolution
		HideSolutionNode = FALSE
	EndGlobalSection
	GlobalSection(ExtensibilityGlobals) = postSolution
		SolutionGuid = {2AFE9CCD-4701-4E07-9B5D-87A4D4006E82}
	EndGlobalSection
EndGlobal
